
Microsoft Visual Studio Solution File, Format Version 12.00
# Visual Studio Version 16
VisualStudioVersion = 16.0.32407.337
MinimumVisualStudioVersion = 10.0.40219.1
Project("{9A19103F-16F7-4668-BE54-9A1E7A4F7556}") = "AiCup22", "AiCup22.csproj", "{D2BDBED2-2320-421C-8B28-789D6E4E33CA}"
EndProject
Global
	GlobalSection(SolutionConfigurationPlatforms) = preSolution
		Debug|Any CPU = Debug|Any CPU
		Release|Any CPU = Release|Any CPU
	EndGlobalSection
	GlobalSection(ProjectConfigurationPlatforms) = postSolution
		{D2BDBED2-2320-421C-8B28-789D6E4E33CA}.Debug|Any CPU.ActiveCfg = Debug|Any CPU
		{D2BDBED2-2320-421C-8B28-789D6E4E33CA}.Debug|Any CPU.Build.0 = Debug|Any CPU
		{D2BDBED2-2320-421C-8B28-789D6E4E33CA}.Release|Any CPU.ActiveCfg = Release|Any CPU
		{D2BDBED2-2320-421C-8B28-789D6E4E33CA}.Release|Any CPU.Build.0 = Release|Any CPU
	EndGlobalSection
	GlobalSection(SolutionProperties) = preSolution
		HideSolutionNode = FALSE
	EndGlobalSection
	GlobalSection(ExtensibilityGlobals) = postSolution
		SolutionGuid = {03E5CE48-B573-4C09-A96B-913BFF8672D5}
	EndGlobalSection
EndGlobal
